Microsoft Visual Studio Solution File, Format Version 12.00
# Visual Studio Version 17
VisualStudioVersion = 17.5.33530.505
MinimumVisualStudioVersion = 10.0.40219.1
Project("{8BC9CEB8-8B4A-11D0-8D11-00A0C91BC942}") = "Ball", "Ball\BallGame.vcxproj", "{C95F64D2-79C1-45E4-BA25-E3C3CF727E85}"
	ProjectSection(ProjectDependencies) = postProject
		{E4655011-38CA-4541-8ECA-93D596D11E5B} = {E4655011-38CA-4541-8ECA-93D596D11E5B}
	EndProjectSection
EndProject
Project("{8BC9CEB8-8B4A-11D0-8D11-00A0C91BC942}") = "Engine", "Engine\Engine.vcxproj", "{E4655011-38CA-4541-8ECA-93D596D11E5B}"
	ProjectSection(ProjectDependencies) = postProject
		{6475D00B-ADE8-4D40-BED1-AEEC793C73CD} = {6475D00B-ADE8-4D40-BED1-AEEC793C73CD}
	EndProjectSection
EndProject
Project("{2150E333-8FDC-42A3-9474-1A3956D46DE8}") = "Platforms", "Platforms", "{1032E03B-AFD6-414F-A305-CD8228E08811}"
EndProject
Project("{8BC9CEB8-8B4A-11D0-8D11-00A0C91BC942}") = "Windows", "Platforms\Windows\Windows.vcxproj", "{6475D00B-ADE8-4D40-BED1-AEEC793C73CD}"
EndProject
Global
	GlobalSection(SolutionConfigurationPlatforms) = preSolution
		Debug|x64 = Debug|x64
		Release|x64 = Release|x64
		Shipping|x64 = Shipping|x64
	EndGlobalSection
	GlobalSection(ProjectConfigurationPlatforms) = postSolution
		{C95F64D2-79C1-45E4-BA25-E3C3CF727E85}.Debug|x64.ActiveCfg = Debug|x64
		{C95F64D2-79C1-45E4-BA25-E3C3CF727E85}.Debug|x64.Build.0 = Debug|x64
		{C95F64D2-79C1-45E4-BA25-E3C3CF727E85}.Release|x64.ActiveCfg = Release|x64
		{C95F64D2-79C1-45E4-BA25-E3C3CF727E85}.Release|x64.Build.0 = Release|x64
		{C95F64D2-79C1-45E4-BA25-E3C3CF727E85}.Shipping|x64.ActiveCfg = Shipping|x64
		{C95F64D2-79C1-45E4-BA25-E3C3CF727E85}.Shipping|x64.Build.0 = Shipping|x64
		{E4655011-38CA-4541-8ECA-93D596D11E5B}.Debug|x64.ActiveCfg = Debug|x64
		{E4655011-38CA-4541-8ECA-93D596D11E5B}.Debug|x64.Build.0 = Debug|x64
		{E4655011-38CA-4541-8ECA-93D596D11E5B}.Release|x64.ActiveCfg = Release|x64
		{E4655011-38CA-4541-8ECA-93D596D11E5B}.Release|x64.Build.0 = Release|x64
		{E4655011-38CA-4541-8ECA-93D596D11E5B}.Shipping|x64.ActiveCfg = Shipping|x64
		{E4655011-38CA-4541-8ECA-93D596D11E5B}.Shipping|x64.Build.0 = Shipping|x64
		{6475D00B-ADE8-4D40-BED1-AEEC793C73CD}.Debug|x64.ActiveCfg = Debug|x64
		{6475D00B-ADE8-4D40-BED1-AEEC793C73CD}.Debug|x64.Build.0 = Debug|x64
		{6475D00B-ADE8-4D40-BED1-AEEC793C73CD}.Release|x64.ActiveCfg = Release|x64
		{6475D00B-ADE8-4D40-BED1-AEEC793C73CD}.Release|x64.Build.0 = Release|x64
		{6475D00B-ADE8-4D40-BED1-AEEC793C73CD}.Shipping|x64.ActiveCfg = Shipping|x64
		{6475D00B-ADE8-4D40-BED1-AEEC793C73CD}.Shipping|x64.Build.0 = Shipping|x64
	EndGlobalSection
	GlobalSection(SolutionProperties) = preSolution
		HideSolutionNode = FALSE
	EndGlobalSection
	GlobalSection(NestedProjects) = preSolution
		{6475D00B-ADE8-4D40-BED1-AEEC793C73CD} = {1032E03B-AFD6-414F-A305-CD8228E08811}
	EndGlobalSection
	GlobalSection(ExtensibilityGlobals) = postSolution
		SolutionGuid = {3449B29D-1A6A-463B-92CB-204A5F8FCDBA}
	EndGlobalSection
EndGlobal
